<?xml version="1.0" encoding="utf-8"?>
<Project ToolsVersion="4.0" xmlns="http://schemas.microsoft.com/developer/msbuild/2003">
  <ItemGroup>
    <Filter Include="Файлы исходного кода">
      <UniqueIdentifier>{4FC737F1-C7A5-4376-A066-2A32D752A2FF}</UniqueIdentifier>
      <Extensions>cpp;c;cc;cxx;def;odl;idl;hpj;bat;asm;asmx</Extensions>
    </Filter>
    <Filter Include="Заголовочные файлы">
      <UniqueIdentifier>{93995380-89BD-4b04-88EB-625FBE52EBFB}</UniqueIdentifier>
      <Extensions>h;hpp;hxx;hm;inl;inc;xsd</Extensions>
    </Filter>
    <Filter Include="Файлы ресурсов">
      <UniqueIdentifier>{67DA6AB6-F800-4c08-8B7A-83BB121AAD01}</UniqueIdentifier>
      <Extensions>rc;ico;cur;bmp;dlg;rc2;rct;bin;rgs;gif;jpg;jpeg;jpe;resx;tiff;tif;png;wav;mfcribbon-ms</Extensions>
    </Filter>
  </ItemGroup>
  <ItemGroup>
    <Text Include="ReadMe.txt" />
  </ItemGroup>
  <ItemGroup>
    <ClInclude Include="stdafx.h">
      <Filter>Заголовочные файлы</Filter>
    </ClInclude>
    <ClInclude Include="targetver.h">
      <Filter>Заголовочные файлы</Filter>
    </ClInclude>
    <ClInclude Include="Events\DiadocMessage.GetApi.pb.h">
      <Filter>Заголовочные файлы</Filter>
    </ClInclude>
    <ClInclude Include="Events\DiadocMessage.PostApi.pb.h">
      <Filter>Заголовочные файлы</Filter>
    </ClInclude>
    <ClInclude Include="Events\ResolutionInfo.pb.h">
      <Filter>Заголовочные файлы</Filter>
    </ClInclude>
    <ClInclude Include="Events\ResolutionRequestDenialInfo.pb.h">
      <Filter>Заголовочные файлы</Filter>
    </ClInclude>
    <ClInclude Include="Events\ResolutionRequestInfo.pb.h">
      <Filter>Заголовочные файлы</Filter>
    </ClInclude>
    <ClInclude Include="Documents\AcceptanceCertificateDocument.pb.h">
      <Filter>Заголовочные файлы</Filter>
    </ClInclude>
    <ClInclude Include="Documents\BilateralDocument.pb.h">
      <Filter>Заголовочные файлы</Filter>
    </ClInclude>
    <ClInclude Include="Documents\Document.pb.h">
      <Filter>Заголовочные файлы</Filter>
    </ClInclude>
    <ClInclude Include="Documents\DocumentList.pb.h">
      <Filter>Заголовочные файлы</Filter>
    </ClInclude>
    <ClInclude Include="Documents\InvoiceDocument.pb.h">
      <Filter>Заголовочные файлы</Filter>
    </ClInclude>
    <ClInclude Include="Documents\NonformalizedDocument.pb.h">
      <Filter>Заголовочные файлы</Filter>
    </ClInclude>
    <ClInclude Include="Documents\ReceiptStatus.pb.h">
      <Filter>Заголовочные файлы</Filter>
    </ClInclude>
    <ClInclude Include="Documents\UnilateralDocument.pb.h">
      <Filter>Заголовочные файлы</Filter>
    </ClInclude>
    <ClInclude Include="Address.pb.h">
      <Filter>Заголовочные файлы</Filter>
    </ClInclude>
    <ClInclude Include="Content.pb.h">
      <Filter>Заголовочные файлы</Filter>
    </ClInclude>
    <ClInclude Include="diadoc_api.h">
      <Filter>Заголовочные файлы</Filter>
    </ClInclude>
    <ClInclude Include="DocumentId.pb.h">
      <Filter>Заголовочные файлы</Filter>
    </ClInclude>
    <ClInclude Include="DocumentType.pb.h">
      <Filter>Заголовочные файлы</Filter>
    </ClInclude>
    <ClInclude Include="ForwardDocumentEvent.pb.h">
      <Filter>Заголовочные файлы</Filter>
    </ClInclude>
    <ClInclude Include="Organization.pb.h">
      <Filter>Заголовочные файлы</Filter>
    </ClInclude>
    <ClInclude Include="ResolutionTarget.pb.h">
      <Filter>Заголовочные файлы</Filter>
    </ClInclude>
    <ClInclude Include="Timestamp.pb.h">
      <Filter>Заголовочные файлы</Filter>
    </ClInclude>
  </ItemGroup>
  <ItemGroup>
    <ClCompile Include="stdafx.cpp">
      <Filter>Файлы исходного кода</Filter>
    </ClCompile>
    <ClCompile Include="GetMyOrganizations.cpp">
      <Filter>Файлы исходного кода</Filter>
    </ClCompile>
    <ClCompile Include="Events\DiadocMessage.GetApi.pb.cc">
      <Filter>Файлы исходного кода</Filter>
    </ClCompile>
    <ClCompile Include="Events\DiadocMessage.PostApi.pb.cc">
      <Filter>Файлы исходного кода</Filter>
    </ClCompile>
    <ClCompile Include="Events\ResolutionInfo.pb.cc">
      <Filter>Файлы исходного кода</Filter>
    </ClCompile>
    <ClCompile Include="Events\ResolutionRequestDenialInfo.pb.cc">
      <Filter>Файлы исходного кода</Filter>
    </ClCompile>
    <ClCompile Include="Events\ResolutionRequestInfo.pb.cc">
      <Filter>Файлы исходного кода</Filter>
    </ClCompile>
    <ClCompile Include="Documents\AcceptanceCertificateDocument.pb.cc">
      <Filter>Файлы исходного кода</Filter>
    </ClCompile>
    <ClCompile Include="Documents\BilateralDocument.pb.cc">
      <Filter>Файлы исходного кода</Filter>
    </ClCompile>
    <ClCompile Include="Documents\Document.pb.cc">
      <Filter>Файлы исходного кода</Filter>
    </ClCompile>
    <ClCompile Include="Documents\DocumentList.pb.cc">
      <Filter>Файлы исходного кода</Filter>
    </ClCompile>
    <ClCompile Include="Documents\InvoiceDocument.pb.cc">
      <Filter>Файлы исходного кода</Filter>
    </ClCompile>
    <ClCompile Include="Documents\NonformalizedDocument.pb.cc">
      <Filter>Файлы исходного кода</Filter>
    </ClCompile>
    <ClCompile Include="Documents\ReceiptStatus.pb.cc">
      <Filter>Файлы исходного кода</Filter>
    </ClCompile>
    <ClCompile Include="Documents\UnilateralDocument.pb.cc">
      <Filter>Файлы исходного кода</Filter>
    </ClCompile>
    <ClCompile Include="Address.pb.cc">
      <Filter>Файлы исходного кода</Filter>
    </ClCompile>
    <ClCompile Include="Content.pb.cc">
      <Filter>Файлы исходного кода</Filter>
    </ClCompile>
    <ClCompile Include="diadoc_api.cpp">
      <Filter>Файлы исходного кода</Filter>
    </ClCompile>
    <ClCompile Include="DocumentId.pb.cc">
      <Filter>Файлы исходного кода</Filter>
    </ClCompile>
    <ClCompile Include="DocumentType.pb.cc">
      <Filter>Файлы исходного кода</Filter>
    </ClCompile>
    <ClCompile Include="ForwardDocumentEvent.pb.cc">
      <Filter>Файлы исходного кода</Filter>
    </ClCompile>
    <ClCompile Include="Organization.pb.cc">
      <Filter>Файлы исходного кода</Filter>
    </ClCompile>
    <ClCompile Include="ResolutionTarget.pb.cc">
      <Filter>Файлы исходного кода</Filter>
    </ClCompile>
    <ClCompile Include="Timestamp.pb.cc">
      <Filter>Файлы исходного кода</Filter>
    </ClCompile>
  </ItemGroup>
</Project>